
Microsoft Visual Studio Solution File, Format Version 12.00
# Visual Studio Version 17
VisualStudioVersion = 17.4.33213.308
MinimumVisualStudioVersion = 10.0.40219.1
Project("{9A19103F-16F7-4668-BE54-9A1E7A4F7556}") = "TitleBar", "TitleBar\TitleBar.csproj", "{886D8D3A-ADAE-46CA-92B2-DC59BC91DCCD}"
EndProject
Project("{9A19103F-16F7-4668-BE54-9A1E7A4F7556}") = "TitleBar_WindowStyleNone", "TitleBar_WindowStyleNone\TitleBar_WindowStyleNone.csproj", "{9CB43C87-F693-4F29-B22E-D864572E1F65}"
EndProject
Project("{9A19103F-16F7-4668-BE54-9A1E7A4F7556}") = "TitleBar_WindowChrome", "TitleBar_WindowChrome\TitleBar_WindowChrome.csproj", "{B0229BDF-7509-458A-85DE-54A7608A3541}"
EndProject
Project("{9A19103F-16F7-4668-BE54-9A1E7A4F7556}") = "TestLibControls", "TestLibControls\TestLibControls.csproj", "{D31AF848-2985-4135-A304-228FB88BF5DD}"
EndProject
Project("{9A19103F-16F7-4668-BE54-9A1E7A4F7556}") = "TestApp", "TestApp\TestApp.csproj", "{5AB65505-A430-44BD-890F-23813E3E579F}"
EndProject
Project("{FAE04EC0-301F-11D3-BF4B-00C04F79EFBC}") = "TestApp_VSM", "TestApp_VSM\TestApp_VSM.csproj", "{2E54FAA1-76BA-475B-B41B-8E1B8B61C07C}"
EndProject
Global
	GlobalSection(SolutionConfigurationPlatforms) = preSolution
		Debug|Any CPU = Debug|Any CPU
		Release|Any CPU = Release|Any CPU
	EndGlobalSection
	GlobalSection(ProjectConfigurationPlatforms) = postSolution
		{886D8D3A-ADAE-46CA-92B2-DC59BC91DCCD}.Debug|Any CPU.ActiveCfg = Debug|Any CPU
		{886D8D3A-ADAE-46CA-92B2-DC59BC91DCCD}.Debug|Any CPU.Build.0 = Debug|Any CPU
		{886D8D3A-ADAE-46CA-92B2-DC59BC91DCCD}.Release|Any CPU.ActiveCfg = Release|Any CPU
		{886D8D3A-ADAE-46CA-92B2-DC59BC91DCCD}.Release|Any CPU.Build.0 = Release|Any CPU
		{9CB43C87-F693-4F29-B22E-D864572E1F65}.Debug|Any CPU.ActiveCfg = Debug|Any CPU
		{9CB43C87-F693-4F29-B22E-D864572E1F65}.Debug|Any CPU.Build.0 = Debug|Any CPU
		{9CB43C87-F693-4F29-B22E-D864572E1F65}.Release|Any CPU.ActiveCfg = Release|Any CPU
		{9CB43C87-F693-4F29-B22E-D864572E1F65}.Release|Any CPU.Build.0 = Release|Any CPU
		{B0229BDF-7509-458A-85DE-54A7608A3541}.Debug|Any CPU.ActiveCfg = Debug|Any CPU
		{B0229BDF-7509-458A-85DE-54A7608A3541}.Debug|Any CPU.Build.0 = Debug|Any CPU
		{B0229BDF-7509-458A-85DE-54A7608A3541}.Release|Any CPU.ActiveCfg = Release|Any CPU
		{B0229BDF-7509-458A-85DE-54A7608A3541}.Release|Any CPU.Build.0 = Release|Any CPU
		{D31AF848-2985-4135-A304-228FB88BF5DD}.Debug|Any CPU.ActiveCfg = Debug|Any CPU
		{D31AF848-2985-4135-A304-228FB88BF5DD}.Debug|Any CPU.Build.0 = Debug|Any CPU
		{D31AF848-2985-4135-A304-228FB88BF5DD}.Release|Any CPU.ActiveCfg = Release|Any CPU
		{D31AF848-2985-4135-A304-228FB88BF5DD}.Release|Any CPU.Build.0 = Release|Any CPU
		{5AB65505-A430-44BD-890F-23813E3E579F}.Debug|Any CPU.ActiveCfg = Debug|Any CPU
		{5AB65505-A430-44BD-890F-23813E3E579F}.Debug|Any CPU.Build.0 = Debug|Any CPU
		{5AB65505-A430-44BD-890F-23813E3E579F}.Release|Any CPU.ActiveCfg = Release|Any CPU
		{5AB65505-A430-44BD-890F-23813E3E579F}.Release|Any CPU.Build.0 = Release|Any CPU
		{2E54FAA1-76BA-475B-B41B-8E1B8B61C07C}.Debug|Any CPU.ActiveCfg = Debug|Any CPU
		{2E54FAA1-76BA-475B-B41B-8E1B8B61C07C}.Debug|Any CPU.Build.0 = Debug|Any CPU
		{2E54FAA1-76BA-475B-B41B-8E1B8B61C07C}.Release|Any CPU.ActiveCfg = Release|Any CPU
		{2E54FAA1-76BA-475B-B41B-8E1B8B61C07C}.Release|Any CPU.Build.0 = Release|Any CPU
	EndGlobalSection
	GlobalSection(SolutionProperties) = preSolution
		HideSolutionNode = FALSE
	EndGlobalSection
	GlobalSection(ExtensibilityGlobals) = postSolution
		SolutionGuid = {0B1E19E5-E134-420D-98DA-22CB3370B62F}
	EndGlobalSection
EndGlobal
